
Microsoft Visual Studio Solution File, Format Version 12.00
# Visual Studio Version 17
VisualStudioVersion = 17.14.36915.13 d17.14
MinimumVisualStudioVersion = 10.0.40219.1
Project("{FAE04EC0-301F-11D3-BF4B-00C04F79EFBC}") = "A03_abstraction", "A03_abstraction.csproj", "{016CF45A-ECBA-4DC3-8951-5849500C2ADB}"
EndProject
Global
	GlobalSection(SolutionConfigurationPlatforms) = preSolution
		Debug|Any CPU = Debug|Any CPU
		Release|Any CPU = Release|Any CPU
	EndGlobalSection
	GlobalSection(ProjectConfigurationPlatforms) = postSolution
		{016CF45A-ECBA-4DC3-8951-5849500C2ADB}.Debug|Any CPU.ActiveCfg = Debug|Any CPU
		{016CF45A-ECBA-4DC3-8951-5849500C2ADB}.Debug|Any CPU.Build.0 = Debug|Any CPU
		{016CF45A-ECBA-4DC3-8951-5849500C2ADB}.Release|Any CPU.ActiveCfg = Release|Any CPU
		{016CF45A-ECBA-4DC3-8951-5849500C2ADB}.Release|Any CPU.Build.0 = Release|Any CPU
	EndGlobalSection
	GlobalSection(SolutionProperties) = preSolution
		HideSolutionNode = FALSE
	EndGlobalSection
	GlobalSection(ExtensibilityGlobals) = postSolution
		SolutionGuid = {7D5A2B79-2154-47C0-9A90-5458DA2C81C9}
	EndGlobalSection
EndGlobal
